{
  "name": "new-project-2",
  "lockfileVersion": 3,
  "requires": true,
  "packages": {
    "": {
      "name": "new-project-2",
      "workspaces": [
        "Inputdemo"
      ]
    },
    "Inputdemo": {
      "name": "debugging-bench-agent",
      "version": "0.1.0",
      "engines": {
        "node": ">=20"
      }
    },
    "node_modules/debugging-bench-agent": {
      "resolved": "Inputdemo",
      "link": true
    }
  }
}
